
Microsoft Visual Studio Solution File, Format Version 12.00
# Visual Studio 15
VisualStudioVersion = 15.0.28307.1062
MinimumVisualStudioVersion = 10.0.40219.1
Project("{9A19103F-16F7-4668-BE54-9A1E7A4F7556}") = "MayChallenge", "MayChallenge\MayChallenge.csproj", "{26A9EFD4-AE86-44B1-8E7D-375AE14FF627}"
EndProject
Project("{9A19103F-16F7-4668-BE54-9A1E7A4F7556}") = "DataStructure", "DataStructure\DataStructure.csproj", "{741F48AF-60D0-4A4F-9B6C-0EB90266E64C}"
EndProject
Project("{9A19103F-16F7-4668-BE54-9A1E7A4F7556}") = "JuneChallenge", "JuneChallenge\JuneChallenge.csproj", "{6D2A6DF2-A38E-43B5-826D-569E5D9A4357}"
EndProject
Project("{FAE04EC0-301F-11D3-BF4B-00C04F79EFBC}") = "AugustChallenge", "AugustChallenge\AugustChallenge.csproj", "{0A67C756-E91D-4F27-8100-6A2E6BBC9D97}"
EndProject
Project("{FAE04EC0-301F-11D3-BF4B-00C04F79EFBC}") = "BinaryTreeChallenge", "BinaryTreeChallenge\BinaryTreeChallenge.csproj", "{F03D8CE0-F14C-4773-818D-12D07516B9B4}"
EndProject
Global
	GlobalSection(SolutionConfigurationPlatforms) = preSolution
		Debug|Any CPU = Debug|Any CPU
		Release|Any CPU = Release|Any CPU
	EndGlobalSection
	GlobalSection(ProjectConfigurationPlatforms) = postSolution
		{26A9EFD4-AE86-44B1-8E7D-375AE14FF627}.Debug|Any CPU.ActiveCfg = Debug|Any CPU
		{26A9EFD4-AE86-44B1-8E7D-375AE14FF627}.Debug|Any CPU.Build.0 = Debug|Any CPU
		{26A9EFD4-AE86-44B1-8E7D-375AE14FF627}.Release|Any CPU.ActiveCfg = Release|Any CPU
		{26A9EFD4-AE86-44B1-8E7D-375AE14FF627}.Release|Any CPU.Build.0 = Release|Any CPU
		{741F48AF-60D0-4A4F-9B6C-0EB90266E64C}.Debug|Any CPU.ActiveCfg = Debug|Any CPU
		{741F48AF-60D0-4A4F-9B6C-0EB90266E64C}.Debug|Any CPU.Build.0 = Debug|Any CPU
		{741F48AF-60D0-4A4F-9B6C-0EB90266E64C}.Release|Any CPU.ActiveCfg = Release|Any CPU
		{741F48AF-60D0-4A4F-9B6C-0EB90266E64C}.Release|Any CPU.Build.0 = Release|Any CPU
		{6D2A6DF2-A38E-43B5-826D-569E5D9A4357}.Debug|Any CPU.ActiveCfg = Debug|Any CPU
		{6D2A6DF2-A38E-43B5-826D-569E5D9A4357}.Debug|Any CPU.Build.0 = Debug|Any CPU
		{6D2A6DF2-A38E-43B5-826D-569E5D9A4357}.Release|Any CPU.ActiveCfg = Release|Any CPU
		{6D2A6DF2-A38E-43B5-826D-569E5D9A4357}.Release|Any CPU.Build.0 = Release|Any CPU
		{0A67C756-E91D-4F27-8100-6A2E6BBC9D97}.Debug|Any CPU.ActiveCfg = Debug|Any CPU
		{0A67C756-E91D-4F27-8100-6A2E6BBC9D97}.Debug|Any CPU.Build.0 = Debug|Any CPU
		{0A67C756-E91D-4F27-8100-6A2E6BBC9D97}.Release|Any CPU.ActiveCfg = Release|Any CPU
		{0A67C756-E91D-4F27-8100-6A2E6BBC9D97}.Release|Any CPU.Build.0 = Release|Any CPU
		{F03D8CE0-F14C-4773-818D-12D07516B9B4}.Debug|Any CPU.ActiveCfg = Debug|Any CPU
		{F03D8CE0-F14C-4773-818D-12D07516B9B4}.Debug|Any CPU.Build.0 = Debug|Any CPU
		{F03D8CE0-F14C-4773-818D-12D07516B9B4}.Release|Any CPU.ActiveCfg = Release|Any CPU
		{F03D8CE0-F14C-4773-818D-12D07516B9B4}.Release|Any CPU.Build.0 = Release|Any CPU
	EndGlobalSection
	GlobalSection(SolutionProperties) = preSolution
		HideSolutionNode = FALSE
	EndGlobalSection
	GlobalSection(ExtensibilityGlobals) = postSolution
		SolutionGuid = {12FA6875-3F99-49A6-BB46-71BDF3716C94}
	EndGlobalSection
EndGlobal
